
Microsoft Visual Studio Solution File, Format Version 12.00
# Visual Studio 15
Project("{FAE04EC0-301F-11D3-BF4B-00C04F79EFBC}") = "Assembly-CSharp", "Assembly-CSharp.csproj", "{CB35C7E7-0E04-CD59-7B5C-1224D694DD4B}"
EndProject
Project("{FAE04EC0-301F-11D3-BF4B-00C04F79EFBC}") = "spine-unity", "spine-unity.csproj", "{01119C22-2598-CFD1-B9A5-4C0272D82139}"
EndProject
Project("{FAE04EC0-301F-11D3-BF4B-00C04F79EFBC}") = "spine-unity-editor", "spine-unity-editor.csproj", "{C8806E01-6A5F-D368-9EE0-ED7A60041A1F}"
EndProject
Project("{FAE04EC0-301F-11D3-BF4B-00C04F79EFBC}") = "spine-csharp", "spine-csharp.csproj", "{202838D1-1769-F0A5-E2EF-DEEF87248732}"
EndProject
Project("{FAE04EC0-301F-11D3-BF4B-00C04F79EFBC}") = "FMODUnityEditor", "FMODUnityEditor.csproj", "{62284ABC-64B0-D4F0-3817-556981CA1555}"
EndProject
Project("{FAE04EC0-301F-11D3-BF4B-00C04F79EFBC}") = "IngameDebugConsole.Runtime", "IngameDebugConsole.Runtime.csproj", "{2D6EAD6E-786A-B58B-4C59-0854C00718AC}"
EndProject
Project("{FAE04EC0-301F-11D3-BF4B-00C04F79EFBC}") = "Assembly-CSharp-firstpass", "Assembly-CSharp-firstpass.csproj", "{AF2E4F0D-0BDA-D087-363F-0840C2935331}"
EndProject
Project("{FAE04EC0-301F-11D3-BF4B-00C04F79EFBC}") = "FMODUnityResonanceEditor", "FMODUnityResonanceEditor.csproj", "{AB32A290-5CD6-CA18-A273-7A622123C288}"
EndProject
Project("{FAE04EC0-301F-11D3-BF4B-00C04F79EFBC}") = "FMODUnity", "FMODUnity.csproj", "{6539A4CD-0761-0EC8-934D-A4CEC556821F}"
EndProject
Project("{FAE04EC0-301F-11D3-BF4B-00C04F79EFBC}") = "Assembly-CSharp-Editor", "Assembly-CSharp-Editor.csproj", "{14B30712-35FB-50CB-41B3-90927E930558}"
EndProject
Project("{FAE04EC0-301F-11D3-BF4B-00C04F79EFBC}") = "IngameDebugConsole.Editor", "IngameDebugConsole.Editor.csproj", "{290DA262-10BC-0BD2-5471-73A9D86CBC7B}"
EndProject
Project("{FAE04EC0-301F-11D3-BF4B-00C04F79EFBC}") = "FMODUnityResonance", "FMODUnityResonance.csproj", "{59D06E4A-1835-69A5-C25E-D9FCC2C7E99D}"
EndProject
Global
	GlobalSection(SolutionConfigurationPlatforms) = preSolution
		Debug|Any CPU = Debug|Any CPU
		Release|Any CPU = Release|Any CPU
	EndGlobalSection
	GlobalSection(ProjectConfigurationPlatforms) = postSolution
		{CB35C7E7-0E04-CD59-7B5C-1224D694DD4B}.Debug|Any CPU.ActiveCfg = Debug|Any CPU
		{CB35C7E7-0E04-CD59-7B5C-1224D694DD4B}.Debug|Any CPU.Build.0 = Debug|Any CPU
		{CB35C7E7-0E04-CD59-7B5C-1224D694DD4B}.Release|Any CPU.ActiveCfg = Release|Any CPU
		{CB35C7E7-0E04-CD59-7B5C-1224D694DD4B}.Release|Any CPU.Build.0 = Release|Any CPU
		{01119C22-2598-CFD1-B9A5-4C0272D82139}.Debug|Any CPU.ActiveCfg = Debug|Any CPU
		{01119C22-2598-CFD1-B9A5-4C0272D82139}.Debug|Any CPU.Build.0 = Debug|Any CPU
		{01119C22-2598-CFD1-B9A5-4C0272D82139}.Release|Any CPU.ActiveCfg = Release|Any CPU
		{01119C22-2598-CFD1-B9A5-4C0272D82139}.Release|Any CPU.Build.0 = Release|Any CPU
		{C8806E01-6A5F-D368-9EE0-ED7A60041A1F}.Debug|Any CPU.ActiveCfg = Debug|Any CPU
		{C8806E01-6A5F-D368-9EE0-ED7A60041A1F}.Debug|Any CPU.Build.0 = Debug|Any CPU
		{C8806E01-6A5F-D368-9EE0-ED7A60041A1F}.Release|Any CPU.ActiveCfg = Release|Any CPU
		{C8806E01-6A5F-D368-9EE0-ED7A60041A1F}.Release|Any CPU.Build.0 = Release|Any CPU
		{202838D1-1769-F0A5-E2EF-DEEF87248732}.Debug|Any CPU.ActiveCfg = Debug|Any CPU
		{202838D1-1769-F0A5-E2EF-DEEF87248732}.Debug|Any CPU.Build.0 = Debug|Any CPU
		{202838D1-1769-F0A5-E2EF-DEEF87248732}.Release|Any CPU.ActiveCfg = Release|Any CPU
		{202838D1-1769-F0A5-E2EF-DEEF87248732}.Release|Any CPU.Build.0 = Release|Any CPU
		{62284ABC-64B0-D4F0-3817-556981CA1555}.Debug|Any CPU.ActiveCfg = Debug|Any CPU
		{62284ABC-64B0-D4F0-3817-556981CA1555}.Debug|Any CPU.Build.0 = Debug|Any CPU
		{62284ABC-64B0-D4F0-3817-556981CA1555}.Release|Any CPU.ActiveCfg = Release|Any CPU
		{62284ABC-64B0-D4F0-3817-556981CA1555}.Release|Any CPU.Build.0 = Release|Any CPU
		{2D6EAD6E-786A-B58B-4C59-0854C00718AC}.Debug|Any CPU.ActiveCfg = Debug|Any CPU
		{2D6EAD6E-786A-B58B-4C59-0854C00718AC}.Debug|Any CPU.Build.0 = Debug|Any CPU
		{2D6EAD6E-786A-B58B-4C59-0854C00718AC}.Release|Any CPU.ActiveCfg = Release|Any CPU
		{2D6EAD6E-786A-B58B-4C59-0854C00718AC}.Release|Any CPU.Build.0 = Release|Any CPU
		{AF2E4F0D-0BDA-D087-363F-0840C2935331}.Debug|Any CPU.ActiveCfg = Debug|Any CPU
		{AF2E4F0D-0BDA-D087-363F-0840C2935331}.Debug|Any CPU.Build.0 = Debug|Any CPU
		{AF2E4F0D-0BDA-D087-363F-0840C2935331}.Release|Any CPU.ActiveCfg = Release|Any CPU
		{AF2E4F0D-0BDA-D087-363F-0840C2935331}.Release|Any CPU.Build.0 = Release|Any CPU
		{AB32A290-5CD6-CA18-A273-7A622123C288}.Debug|Any CPU.ActiveCfg = Debug|Any CPU
		{AB32A290-5CD6-CA18-A273-7A622123C288}.Debug|Any CPU.Build.0 = Debug|Any CPU
		{AB32A290-5CD6-CA18-A273-7A622123C288}.Release|Any CPU.ActiveCfg = Release|Any CPU
		{AB32A290-5CD6-CA18-A273-7A622123C288}.Release|Any CPU.Build.0 = Release|Any CPU
		{6539A4CD-0761-0EC8-934D-A4CEC556821F}.Debug|Any CPU.ActiveCfg = Debug|Any CPU
		{6539A4CD-0761-0EC8-934D-A4CEC556821F}.Debug|Any CPU.Build.0 = Debug|Any CPU
		{6539A4CD-0761-0EC8-934D-A4CEC556821F}.Release|Any CPU.ActiveCfg = Release|Any CPU
		{6539A4CD-0761-0EC8-934D-A4CEC556821F}.Release|Any CPU.Build.0 = Release|Any CPU
		{14B30712-35FB-50CB-41B3-90927E930558}.Debug|Any CPU.ActiveCfg = Debug|Any CPU
		{14B30712-35FB-50CB-41B3-90927E930558}.Debug|Any CPU.Build.0 = Debug|Any CPU
		{14B30712-35FB-50CB-41B3-90927E930558}.Release|Any CPU.ActiveCfg = Release|Any CPU
		{14B30712-35FB-50CB-41B3-90927E930558}.Release|Any CPU.Build.0 = Release|Any CPU
		{290DA262-10BC-0BD2-5471-73A9D86CBC7B}.Debug|Any CPU.ActiveCfg = Debug|Any CPU
		{290DA262-10BC-0BD2-5471-73A9D86CBC7B}.Debug|Any CPU.Build.0 = Debug|Any CPU
		{290DA262-10BC-0BD2-5471-73A9D86CBC7B}.Release|Any CPU.ActiveCfg = Release|Any CPU
		{290DA262-10BC-0BD2-5471-73A9D86CBC7B}.Release|Any CPU.Build.0 = Release|Any CPU
		{59D06E4A-1835-69A5-C25E-D9FCC2C7E99D}.Debug|Any CPU.ActiveCfg = Debug|Any CPU
		{59D06E4A-1835-69A5-C25E-D9FCC2C7E99D}.Debug|Any CPU.Build.0 = Debug|Any CPU
		{59D06E4A-1835-69A5-C25E-D9FCC2C7E99D}.Release|Any CPU.ActiveCfg = Release|Any CPU
		{59D06E4A-1835-69A5-C25E-D9FCC2C7E99D}.Release|Any CPU.Build.0 = Release|Any CPU
	EndGlobalSection
	GlobalSection(SolutionProperties) = preSolution
		HideSolutionNode = FALSE
	EndGlobalSection
EndGlobal
