
Microsoft Visual Studio Solution File, Format Version 11.00
# Visual Studio 2010
Project("{FAE04EC0-301F-11D3-BF4B-00C04F79EFBC}") = "Assembly-CSharp", "Assembly-CSharp.csproj", "{2d587229-9207-944a-4d92-60b381715a85}"
EndProject
Project("{FAE04EC0-301F-11D3-BF4B-00C04F79EFBC}") = "spine-unity", "spine-unity.csproj", "{b9a8f635-b34f-6127-c453-4b58fde62514}"
EndProject
Project("{FAE04EC0-301F-11D3-BF4B-00C04F79EFBC}") = "FMODUnity", "FMODUnity.csproj", "{e339da99-e945-b8c7-fea2-64639ea8a72f}"
EndProject
Project("{FAE04EC0-301F-11D3-BF4B-00C04F79EFBC}") = "spine-csharp", "spine-csharp.csproj", "{19dbb4fe-81cd-ffeb-a947-aca954e1252d}"
EndProject
Project("{FAE04EC0-301F-11D3-BF4B-00C04F79EFBC}") = "IngameDebugConsole.Runtime", "IngameDebugConsole.Runtime.csproj", "{33b228a8-d54c-c6b3-3062-f42ebdc5e56e}"
EndProject
Project("{FAE04EC0-301F-11D3-BF4B-00C04F79EFBC}") = "Assembly-CSharp-firstpass", "Assembly-CSharp-firstpass.csproj", "{ab98ff4b-906a-1f54-fc17-7ad913b1662d}"
EndProject
Project("{FAE04EC0-301F-11D3-BF4B-00C04F79EFBC}") = "FMODUnityResonance", "FMODUnityResonance.csproj", "{983dfbda-1606-a086-6a9e-46bb8ca12f70}"
EndProject
Project("{FAE04EC0-301F-11D3-BF4B-00C04F79EFBC}") = "FMODUnityEditor", "FMODUnityEditor.csproj", "{10157006-27e6-fce0-266b-db53b17ed50c}"
EndProject
Project("{FAE04EC0-301F-11D3-BF4B-00C04F79EFBC}") = "Assembly-CSharp-Editor", "Assembly-CSharp-Editor.csproj", "{f6d2789b-8f5f-d368-2319-d048f1318719}"
EndProject
Project("{FAE04EC0-301F-11D3-BF4B-00C04F79EFBC}") = "spine-unity-editor", "spine-unity-editor.csproj", "{f85045f0-5842-edc2-6efd-b12337f0baec}"
EndProject
Project("{FAE04EC0-301F-11D3-BF4B-00C04F79EFBC}") = "IngameDebugConsole.Editor", "IngameDebugConsole.Editor.csproj", "{03ca7ac8-1e9b-a23e-0ef0-30bfc43c131c}"
EndProject
Project("{FAE04EC0-301F-11D3-BF4B-00C04F79EFBC}") = "FMODUnityResonanceEditor", "FMODUnityResonanceEditor.csproj", "{afaa02d3-629f-7220-ea36-4b43ced2d0e8}"
EndProject
Project("{FAE04EC0-301F-11D3-BF4B-00C04F79EFBC}") = "Assembly-CSharp-Editor-firstpass", "Assembly-CSharp-Editor-firstpass.csproj", "{1f1ea448-0462-37ac-3240-3986c9be1bf1}"
EndProject
Global
	GlobalSection(SolutionConfigurationPlatforms) = preSolution
		Debug|Any CPU = Debug|Any CPU
	EndGlobalSection
	GlobalSection(ProjectConfigurationPlatforms) = postSolution
		{2d587229-9207-944a-4d92-60b381715a85}.Debug|Any CPU.ActiveCfg = Debug|Any CPU
		{2d587229-9207-944a-4d92-60b381715a85}.Debug|Any CPU.Build.0 = Debug|Any CPU
		{b9a8f635-b34f-6127-c453-4b58fde62514}.Debug|Any CPU.ActiveCfg = Debug|Any CPU
		{b9a8f635-b34f-6127-c453-4b58fde62514}.Debug|Any CPU.Build.0 = Debug|Any CPU
		{e339da99-e945-b8c7-fea2-64639ea8a72f}.Debug|Any CPU.ActiveCfg = Debug|Any CPU
		{e339da99-e945-b8c7-fea2-64639ea8a72f}.Debug|Any CPU.Build.0 = Debug|Any CPU
		{19dbb4fe-81cd-ffeb-a947-aca954e1252d}.Debug|Any CPU.ActiveCfg = Debug|Any CPU
		{19dbb4fe-81cd-ffeb-a947-aca954e1252d}.Debug|Any CPU.Build.0 = Debug|Any CPU
		{33b228a8-d54c-c6b3-3062-f42ebdc5e56e}.Debug|Any CPU.ActiveCfg = Debug|Any CPU
		{33b228a8-d54c-c6b3-3062-f42ebdc5e56e}.Debug|Any CPU.Build.0 = Debug|Any CPU
		{ab98ff4b-906a-1f54-fc17-7ad913b1662d}.Debug|Any CPU.ActiveCfg = Debug|Any CPU
		{ab98ff4b-906a-1f54-fc17-7ad913b1662d}.Debug|Any CPU.Build.0 = Debug|Any CPU
		{983dfbda-1606-a086-6a9e-46bb8ca12f70}.Debug|Any CPU.ActiveCfg = Debug|Any CPU
		{983dfbda-1606-a086-6a9e-46bb8ca12f70}.Debug|Any CPU.Build.0 = Debug|Any CPU
		{10157006-27e6-fce0-266b-db53b17ed50c}.Debug|Any CPU.ActiveCfg = Debug|Any CPU
		{10157006-27e6-fce0-266b-db53b17ed50c}.Debug|Any CPU.Build.0 = Debug|Any CPU
		{f6d2789b-8f5f-d368-2319-d048f1318719}.Debug|Any CPU.ActiveCfg = Debug|Any CPU
		{f6d2789b-8f5f-d368-2319-d048f1318719}.Debug|Any CPU.Build.0 = Debug|Any CPU
		{f85045f0-5842-edc2-6efd-b12337f0baec}.Debug|Any CPU.ActiveCfg = Debug|Any CPU
		{f85045f0-5842-edc2-6efd-b12337f0baec}.Debug|Any CPU.Build.0 = Debug|Any CPU
		{03ca7ac8-1e9b-a23e-0ef0-30bfc43c131c}.Debug|Any CPU.ActiveCfg = Debug|Any CPU
		{03ca7ac8-1e9b-a23e-0ef0-30bfc43c131c}.Debug|Any CPU.Build.0 = Debug|Any CPU
		{afaa02d3-629f-7220-ea36-4b43ced2d0e8}.Debug|Any CPU.ActiveCfg = Debug|Any CPU
		{afaa02d3-629f-7220-ea36-4b43ced2d0e8}.Debug|Any CPU.Build.0 = Debug|Any CPU
		{1f1ea448-0462-37ac-3240-3986c9be1bf1}.Debug|Any CPU.ActiveCfg = Debug|Any CPU
		{1f1ea448-0462-37ac-3240-3986c9be1bf1}.Debug|Any CPU.Build.0 = Debug|Any CPU
	EndGlobalSection
	GlobalSection(SolutionProperties) = preSolution
		HideSolutionNode = FALSE
	EndGlobalSection
EndGlobal
